
Microsoft Visual Studio Solution File, Format Version 12.00
# Visual Studio Version 17
VisualStudioVersion = 17.1.32120.378
MinimumVisualStudioVersion = 10.0.40219.1
Project("{2150E333-8FDC-42A3-9474-1A3956D46DE8}") = "Services", "Services", "{1C07A50F-C9C7-4BD8-BA6B-68121DB67CD3}"
EndProject
Project("{2150E333-8FDC-42A3-9474-1A3956D46DE8}") = "Logic", "Logic", "{F399D4C0-E70E-43E6-87A7-595990BE3A89}"
EndProject
Project("{9A19103F-16F7-4668-BE54-9A1E7A4F7556}") = "Logic", "Logic\Logic\Logic.csproj", "{2BF2615B-36C8-4C88-940D-71F6A277E1D0}"
EndProject
Project("{2150E333-8FDC-42A3-9474-1A3956D46DE8}") = "LoginProviders", "LoginProviders", "{28BDA5EA-EBBB-4B85-85DC-E47ACA7A73D3}"
EndProject
Project("{2150E333-8FDC-42A3-9474-1A3956D46DE8}") = "Clients", "Clients", "{92BC2AC2-FBEC-48F9-A1B0-AECD6799C30D}"
EndProject
Project("{9A19103F-16F7-4668-BE54-9A1E7A4F7556}") = "ServiceProvider", "Clients\ServiceProvider\ServiceProvider.csproj", "{9A0739B7-14F7-48DA-821B-BB08335B97E4}"
EndProject
Project("{9A19103F-16F7-4668-BE54-9A1E7A4F7556}") = "ApiService", "Services\ApiService\ApiService.csproj", "{4DDDE2D0-12C6-483E-A783-34A48C9455F8}"
EndProject
Project("{9A19103F-16F7-4668-BE54-9A1E7A4F7556}") = "Logic", "Services\Logic\Logic.csproj", "{1806CFA6-2743-441E-AD87-67E502F1D2F5}"
EndProject
Project("{9A19103F-16F7-4668-BE54-9A1E7A4F7556}") = "Management", "Services\Management\Management.csproj", "{4FABA70A-A08A-43BE-BBFA-4D5C8DB25DD5}"
EndProject
Project("{2150E333-8FDC-42A3-9474-1A3956D46DE8}") = "PreSharedKeyLoginProvider", "PreSharedKeyLoginProvider", "{6601BC90-A5C2-4EAB-9192-E369BAAAE5EE}"
EndProject
Project("{9A19103F-16F7-4668-BE54-9A1E7A4F7556}") = "General", "Services\General\General.csproj", "{39B6A5F7-E353-41C0-80DD-D0EE1D2919A0}"
EndProject
Project("{9A19103F-16F7-4668-BE54-9A1E7A4F7556}") = "ApiProvider", "Services\LoginProviders\PreSharedKeyLoginProvider\ApiProvider\ApiProvider.csproj", "{B78CE3E4-A7A5-4D29-A02D-1F3BA9B7E3C2}"
EndProject
Project("{9A19103F-16F7-4668-BE54-9A1E7A4F7556}") = "ServiceProvider", "Services\LoginProviders\PreSharedKeyLoginProvider\ServiceProvider\ServiceProvider.csproj", "{3E694EE9-578D-4E34-8609-6BC98DCFA61E}"
EndProject
Global
	GlobalSection(SolutionConfigurationPlatforms) = preSolution
		Debug|Any CPU = Debug|Any CPU
		Release|Any CPU = Release|Any CPU
	EndGlobalSection
	GlobalSection(ProjectConfigurationPlatforms) = postSolution
		{2BF2615B-36C8-4C88-940D-71F6A277E1D0}.Debug|Any CPU.ActiveCfg = Debug|Any CPU
		{2BF2615B-36C8-4C88-940D-71F6A277E1D0}.Debug|Any CPU.Build.0 = Debug|Any CPU
		{2BF2615B-36C8-4C88-940D-71F6A277E1D0}.Release|Any CPU.ActiveCfg = Release|Any CPU
		{2BF2615B-36C8-4C88-940D-71F6A277E1D0}.Release|Any CPU.Build.0 = Release|Any CPU
		{9A0739B7-14F7-48DA-821B-BB08335B97E4}.Debug|Any CPU.ActiveCfg = Debug|Any CPU
		{9A0739B7-14F7-48DA-821B-BB08335B97E4}.Debug|Any CPU.Build.0 = Debug|Any CPU
		{9A0739B7-14F7-48DA-821B-BB08335B97E4}.Release|Any CPU.ActiveCfg = Release|Any CPU
		{9A0739B7-14F7-48DA-821B-BB08335B97E4}.Release|Any CPU.Build.0 = Release|Any CPU
		{4DDDE2D0-12C6-483E-A783-34A48C9455F8}.Debug|Any CPU.ActiveCfg = Debug|Any CPU
		{4DDDE2D0-12C6-483E-A783-34A48C9455F8}.Debug|Any CPU.Build.0 = Debug|Any CPU
		{4DDDE2D0-12C6-483E-A783-34A48C9455F8}.Release|Any CPU.ActiveCfg = Release|Any CPU
		{4DDDE2D0-12C6-483E-A783-34A48C9455F8}.Release|Any CPU.Build.0 = Release|Any CPU
		{1806CFA6-2743-441E-AD87-67E502F1D2F5}.Debug|Any CPU.ActiveCfg = Debug|Any CPU
		{1806CFA6-2743-441E-AD87-67E502F1D2F5}.Debug|Any CPU.Build.0 = Debug|Any CPU
		{1806CFA6-2743-441E-AD87-67E502F1D2F5}.Release|Any CPU.ActiveCfg = Release|Any CPU
		{1806CFA6-2743-441E-AD87-67E502F1D2F5}.Release|Any CPU.Build.0 = Release|Any CPU
		{4FABA70A-A08A-43BE-BBFA-4D5C8DB25DD5}.Debug|Any CPU.ActiveCfg = Debug|Any CPU
		{4FABA70A-A08A-43BE-BBFA-4D5C8DB25DD5}.Debug|Any CPU.Build.0 = Debug|Any CPU
		{4FABA70A-A08A-43BE-BBFA-4D5C8DB25DD5}.Release|Any CPU.ActiveCfg = Release|Any CPU
		{4FABA70A-A08A-43BE-BBFA-4D5C8DB25DD5}.Release|Any CPU.Build.0 = Release|Any CPU
		{39B6A5F7-E353-41C0-80DD-D0EE1D2919A0}.Debug|Any CPU.ActiveCfg = Debug|Any CPU
		{39B6A5F7-E353-41C0-80DD-D0EE1D2919A0}.Debug|Any CPU.Build.0 = Debug|Any CPU
		{39B6A5F7-E353-41C0-80DD-D0EE1D2919A0}.Release|Any CPU.ActiveCfg = Release|Any CPU
		{39B6A5F7-E353-41C0-80DD-D0EE1D2919A0}.Release|Any CPU.Build.0 = Release|Any CPU
		{B78CE3E4-A7A5-4D29-A02D-1F3BA9B7E3C2}.Debug|Any CPU.ActiveCfg = Debug|Any CPU
		{B78CE3E4-A7A5-4D29-A02D-1F3BA9B7E3C2}.Debug|Any CPU.Build.0 = Debug|Any CPU
		{B78CE3E4-A7A5-4D29-A02D-1F3BA9B7E3C2}.Release|Any CPU.ActiveCfg = Release|Any CPU
		{B78CE3E4-A7A5-4D29-A02D-1F3BA9B7E3C2}.Release|Any CPU.Build.0 = Release|Any CPU
		{3E694EE9-578D-4E34-8609-6BC98DCFA61E}.Debug|Any CPU.ActiveCfg = Debug|Any CPU
		{3E694EE9-578D-4E34-8609-6BC98DCFA61E}.Debug|Any CPU.Build.0 = Debug|Any CPU
		{3E694EE9-578D-4E34-8609-6BC98DCFA61E}.Release|Any CPU.ActiveCfg = Release|Any CPU
		{3E694EE9-578D-4E34-8609-6BC98DCFA61E}.Release|Any CPU.Build.0 = Release|Any CPU
	EndGlobalSection
	GlobalSection(SolutionProperties) = preSolution
		HideSolutionNode = FALSE
	EndGlobalSection
	GlobalSection(NestedProjects) = preSolution
		{2BF2615B-36C8-4C88-940D-71F6A277E1D0} = {F399D4C0-E70E-43E6-87A7-595990BE3A89}
		{28BDA5EA-EBBB-4B85-85DC-E47ACA7A73D3} = {1C07A50F-C9C7-4BD8-BA6B-68121DB67CD3}
		{9A0739B7-14F7-48DA-821B-BB08335B97E4} = {92BC2AC2-FBEC-48F9-A1B0-AECD6799C30D}
		{4DDDE2D0-12C6-483E-A783-34A48C9455F8} = {1C07A50F-C9C7-4BD8-BA6B-68121DB67CD3}
		{1806CFA6-2743-441E-AD87-67E502F1D2F5} = {1C07A50F-C9C7-4BD8-BA6B-68121DB67CD3}
		{4FABA70A-A08A-43BE-BBFA-4D5C8DB25DD5} = {1C07A50F-C9C7-4BD8-BA6B-68121DB67CD3}
		{6601BC90-A5C2-4EAB-9192-E369BAAAE5EE} = {28BDA5EA-EBBB-4B85-85DC-E47ACA7A73D3}
		{39B6A5F7-E353-41C0-80DD-D0EE1D2919A0} = {1C07A50F-C9C7-4BD8-BA6B-68121DB67CD3}
		{B78CE3E4-A7A5-4D29-A02D-1F3BA9B7E3C2} = {6601BC90-A5C2-4EAB-9192-E369BAAAE5EE}
		{3E694EE9-578D-4E34-8609-6BC98DCFA61E} = {28BDA5EA-EBBB-4B85-85DC-E47ACA7A73D3}
	EndGlobalSection
	GlobalSection(ExtensibilityGlobals) = postSolution
		SolutionGuid = {3812D07C-6F92-4F95-9D16-7B4EE2492BD2}
	EndGlobalSection
	GlobalSection(TeamFoundationVersionControl) = preSolution
		SccNumberOfProjects = 9
		SccEnterpriseProvider = {4CA58AB2-18FA-4F8D-95D4-32DDF27D184C}
		SccTeamFoundationServer = https://vsts.dreamry.org/defaultcollection
		SccLocalPath0 = .
		SccProjectUniqueName1 = Clients\\ServiceProvider\\ServiceProvider.csproj
		SccProjectTopLevelParentUniqueName1 = DreamryDirectory.sln
		SccProjectName1 = Clients/ServiceProvider
		SccLocalPath1 = Clients\\ServiceProvider
		SccProjectUniqueName2 = Logic\\Logic\\Logic.csproj
		SccProjectTopLevelParentUniqueName2 = DreamryDirectory.sln
		SccProjectName2 = Logic/Logic
		SccLocalPath2 = Logic\\Logic
		SccProjectUniqueName3 = Services\\ApiService\\ApiService.csproj
		SccProjectTopLevelParentUniqueName3 = DreamryDirectory.sln
		SccProjectName3 = Services/ApiService
		SccLocalPath3 = Services\\ApiService
		SccProjectUniqueName4 = Services\\Logic\\Logic.csproj
		SccProjectTopLevelParentUniqueName4 = DreamryDirectory.sln
		SccProjectName4 = Services/Logic
		SccLocalPath4 = Services\\Logic
		SccProjectUniqueName5 = Services\\Management\\Management.csproj
		SccProjectTopLevelParentUniqueName5 = DreamryDirectory.sln
		SccProjectName5 = Services/Management
		SccLocalPath5 = Services\\Management
		SccProjectUniqueName6 = Services\\General\\General.csproj
		SccProjectTopLevelParentUniqueName6 = DreamryDirectory.sln
		SccProjectName6 = Services/General
		SccLocalPath6 = Services\\General
		SccProjectUniqueName7 = Services\\LoginProviders\\PreSharedKeyLoginProvider\\ApiProvider\\ApiProvider.csproj
		SccProjectTopLevelParentUniqueName7 = DreamryDirectory.sln
		SccProjectName7 = Services/LoginProviders/PreSharedKeyLoginProvider/ApiProvider
		SccLocalPath7 = Services\\LoginProviders\\PreSharedKeyLoginProvider\\ApiProvider
		SccProjectUniqueName8 = Services\\LoginProviders\\PreSharedKeyLoginProvider\\ServiceProvider\\ServiceProvider.csproj
		SccProjectTopLevelParentUniqueName8 = DreamryDirectory.sln
		SccProjectName8 = Services/LoginProviders/PreSharedKeyLoginProvider/ServiceProvider
		SccLocalPath8 = Services\\LoginProviders\\PreSharedKeyLoginProvider\\ServiceProvider
	EndGlobalSection
EndGlobal
