
Microsoft Visual Studio Solution File, Format Version 12.00
# Visual Studio Version 16
VisualStudioVersion = 16.0.29505.145
MinimumVisualStudioVersion = 10.0.40219.1
Project("{2150E333-8FDC-42A3-9474-1A3956D46DE8}") = "Services", "Services", "{1C07A50F-C9C7-4BD8-BA6B-68121DB67CD3}"
EndProject
Project("{2150E333-8FDC-42A3-9474-1A3956D46DE8}") = "Logic", "Logic", "{F399D4C0-E70E-43E6-87A7-595990BE3A89}"
EndProject
Project("{9A19103F-16F7-4668-BE54-9A1E7A4F7556}") = "Logic", "Logic\Logic\Logic.csproj", "{2BF2615B-36C8-4C88-940D-71F6A277E1D0}"
EndProject
Project("{2150E333-8FDC-42A3-9474-1A3956D46DE8}") = "LoginProviders", "LoginProviders", "{28BDA5EA-EBBB-4B85-85DC-E47ACA7A73D3}"
EndProject
Project("{9A19103F-16F7-4668-BE54-9A1E7A4F7556}") = "PreSharedKeyLoginProvider", "LoginProviders\PreSharedKeyLoginProvider\PreSharedKeyLoginProvider.csproj", "{1C812DD6-246B-427F-978D-5F88F7000AAD}"
EndProject
Project("{2150E333-8FDC-42A3-9474-1A3956D46DE8}") = "Clients", "Clients", "{92BC2AC2-FBEC-48F9-A1B0-AECD6799C30D}"
EndProject
Project("{9A19103F-16F7-4668-BE54-9A1E7A4F7556}") = "ServiceProvider", "Clients\ServiceProvider\ServiceProvider.csproj", "{9A0739B7-14F7-48DA-821B-BB08335B97E4}"
EndProject
Project("{9A19103F-16F7-4668-BE54-9A1E7A4F7556}") = "ApiService", "Services\ApiService\ApiService.csproj", "{4DDDE2D0-12C6-483E-A783-34A48C9455F8}"
EndProject
Project("{9A19103F-16F7-4668-BE54-9A1E7A4F7556}") = "Logic", "Services\Logic\Logic.csproj", "{1806CFA6-2743-441E-AD87-67E502F1D2F5}"
EndProject
Project("{9A19103F-16F7-4668-BE54-9A1E7A4F7556}") = "Management", "Services\Management\Management.csproj", "{4FABA70A-A08A-43BE-BBFA-4D5C8DB25DD5}"
EndProject
Global
	GlobalSection(SolutionConfigurationPlatforms) = preSolution
		Debug|Any CPU = Debug|Any CPU
		Release|Any CPU = Release|Any CPU
	EndGlobalSection
	GlobalSection(ProjectConfigurationPlatforms) = postSolution
		{2BF2615B-36C8-4C88-940D-71F6A277E1D0}.Debug|Any CPU.ActiveCfg = Debug|Any CPU
		{2BF2615B-36C8-4C88-940D-71F6A277E1D0}.Debug|Any CPU.Build.0 = Debug|Any CPU
		{2BF2615B-36C8-4C88-940D-71F6A277E1D0}.Release|Any CPU.ActiveCfg = Release|Any CPU
		{2BF2615B-36C8-4C88-940D-71F6A277E1D0}.Release|Any CPU.Build.0 = Release|Any CPU
		{1C812DD6-246B-427F-978D-5F88F7000AAD}.Debug|Any CPU.ActiveCfg = Debug|Any CPU
		{1C812DD6-246B-427F-978D-5F88F7000AAD}.Debug|Any CPU.Build.0 = Debug|Any CPU
		{1C812DD6-246B-427F-978D-5F88F7000AAD}.Release|Any CPU.ActiveCfg = Release|Any CPU
		{1C812DD6-246B-427F-978D-5F88F7000AAD}.Release|Any CPU.Build.0 = Release|Any CPU
		{9A0739B7-14F7-48DA-821B-BB08335B97E4}.Debug|Any CPU.ActiveCfg = Debug|Any CPU
		{9A0739B7-14F7-48DA-821B-BB08335B97E4}.Debug|Any CPU.Build.0 = Debug|Any CPU
		{9A0739B7-14F7-48DA-821B-BB08335B97E4}.Release|Any CPU.ActiveCfg = Release|Any CPU
		{9A0739B7-14F7-48DA-821B-BB08335B97E4}.Release|Any CPU.Build.0 = Release|Any CPU
		{4DDDE2D0-12C6-483E-A783-34A48C9455F8}.Debug|Any CPU.ActiveCfg = Debug|Any CPU
		{4DDDE2D0-12C6-483E-A783-34A48C9455F8}.Debug|Any CPU.Build.0 = Debug|Any CPU
		{4DDDE2D0-12C6-483E-A783-34A48C9455F8}.Release|Any CPU.ActiveCfg = Release|Any CPU
		{4DDDE2D0-12C6-483E-A783-34A48C9455F8}.Release|Any CPU.Build.0 = Release|Any CPU
		{1806CFA6-2743-441E-AD87-67E502F1D2F5}.Debug|Any CPU.ActiveCfg = Debug|Any CPU
		{1806CFA6-2743-441E-AD87-67E502F1D2F5}.Debug|Any CPU.Build.0 = Debug|Any CPU
		{1806CFA6-2743-441E-AD87-67E502F1D2F5}.Release|Any CPU.ActiveCfg = Release|Any CPU
		{1806CFA6-2743-441E-AD87-67E502F1D2F5}.Release|Any CPU.Build.0 = Release|Any CPU
		{4FABA70A-A08A-43BE-BBFA-4D5C8DB25DD5}.Debug|Any CPU.ActiveCfg = Debug|Any CPU
		{4FABA70A-A08A-43BE-BBFA-4D5C8DB25DD5}.Debug|Any CPU.Build.0 = Debug|Any CPU
		{4FABA70A-A08A-43BE-BBFA-4D5C8DB25DD5}.Release|Any CPU.ActiveCfg = Release|Any CPU
		{4FABA70A-A08A-43BE-BBFA-4D5C8DB25DD5}.Release|Any CPU.Build.0 = Release|Any CPU
	EndGlobalSection
	GlobalSection(SolutionProperties) = preSolution
		HideSolutionNode = FALSE
	EndGlobalSection
	GlobalSection(NestedProjects) = preSolution
		{2BF2615B-36C8-4C88-940D-71F6A277E1D0} = {F399D4C0-E70E-43E6-87A7-595990BE3A89}
		{1C812DD6-246B-427F-978D-5F88F7000AAD} = {28BDA5EA-EBBB-4B85-85DC-E47ACA7A73D3}
		{9A0739B7-14F7-48DA-821B-BB08335B97E4} = {92BC2AC2-FBEC-48F9-A1B0-AECD6799C30D}
		{4DDDE2D0-12C6-483E-A783-34A48C9455F8} = {1C07A50F-C9C7-4BD8-BA6B-68121DB67CD3}
		{1806CFA6-2743-441E-AD87-67E502F1D2F5} = {1C07A50F-C9C7-4BD8-BA6B-68121DB67CD3}
		{4FABA70A-A08A-43BE-BBFA-4D5C8DB25DD5} = {1C07A50F-C9C7-4BD8-BA6B-68121DB67CD3}
	EndGlobalSection
	GlobalSection(ExtensibilityGlobals) = postSolution
		SolutionGuid = {3812D07C-6F92-4F95-9D16-7B4EE2492BD2}
	EndGlobalSection
	GlobalSection(TeamFoundationVersionControl) = preSolution
		SccNumberOfProjects = 7
		SccEnterpriseProvider = {4CA58AB2-18FA-4F8D-95D4-32DDF27D184C}
		SccTeamFoundationServer = https://vsts.dreamry.org/defaultcollection
		SccProjectUniqueName0 = Clients\\ServiceProvider\\ServiceProvider.csproj
		SccProjectTopLevelParentUniqueName0 = DreamryDirectory.sln
		SccProjectName0 = Clients/ServiceProvider
		SccLocalPath0 = Clients\\ServiceProvider
		SccLocalPath1 = .
		SccProjectUniqueName2 = Logic\\Logic\\Logic.csproj
		SccProjectTopLevelParentUniqueName2 = DreamryDirectory.sln
		SccProjectName2 = Logic/Logic
		SccLocalPath2 = Logic\\Logic
		SccProjectUniqueName3 = LoginProviders\\PreSharedKeyLoginProvider\\PreSharedKeyLoginProvider.csproj
		SccProjectTopLevelParentUniqueName3 = DreamryDirectory.sln
		SccProjectName3 = LoginProviders/PreSharedKeyLoginProvider
		SccLocalPath3 = LoginProviders\\PreSharedKeyLoginProvider
		SccProjectUniqueName4 = Services\\ApiService\\ApiService.csproj
		SccProjectTopLevelParentUniqueName4 = DreamryDirectory.sln
		SccProjectName4 = Services/ApiService
		SccLocalPath4 = Services\\ApiService
		SccProjectUniqueName5 = Services\\Logic\\Logic.csproj
		SccProjectTopLevelParentUniqueName5 = DreamryDirectory.sln
		SccProjectName5 = Services/Logic
		SccLocalPath5 = Services\\Logic
		SccProjectUniqueName6 = Services\\Management\\Management.csproj
		SccProjectTopLevelParentUniqueName6 = DreamryDirectory.sln
		SccProjectName6 = Services/Management
		SccLocalPath6 = Services\\Management
	EndGlobalSection
EndGlobal
